{
    "_meta": {
        "hash": {
            "sha256": "24af9b80bb49116fbfc488f17995cd03bf22d4afc78ea6d0bf68070c96462317"
        },
        "pipfile-spec": 6,
        "requires": {
            "python_version": "3.9"
        },
        "sources": [
            {
                "name": "pip_conf_index_global",
                "url": "http://pypi.douban.com/simple/",
                "verify_ssl": false
            }
        ]
    },
    "default": {},
    "develop": {}
}
